version = 1
revision = 3
requires-python = "==3.12.*"

[[package]]
name = "annotated-types"
version = "0.8.0"
source = { registry = "https://pypi.org/simple" }
sdist = { url = "https://files.pythonhosted.org/packages/5f/56/a8120250d128bed162cd73c76d45f6ef9991f3e068f62a8ee060afa3104a/annotated_types-0.8.0.tar.gz", hash = "sha256:13b2beaad985e05e2d6407ee4c4f35590b11f8d693a258a561055cac8f64cab7", size = 15893, upload-time = "2026-07-23T20:16:13.995Z" }
wheels = [
    { url = "https://files.pythonhosted.org/packages/99/91/8acff4f5e50511b911bbccb72b8628a49c68ce14148cd9f6431094859a90/annotated_types-0.8.0-py3-none-any.whl", hash = "sha256:f072f4d804ea359e4eaf198b1af7a8b0943881a87f31bb764f8bf219bb9419e0", size = 13427, upload-time = "2026-07-23T20:16:12.938Z" },
]

[[package]]
name = "anyio"
version = "4.15.1"
source = { registry = "https://pypi.org/simple" }
dependencies = [
    { name = "idna" },
    { name = "typing-extensions" },
]
sdist = { url = "https://files.pythonhosted.org/packages/a9/d2/f4d173e22df740bc37b1db102b386ba719b66e95b0f0d751f556b387e6d2/anyio-4.15.1.tar.gz", hash = "sha256:9f28306018cbd6d329e64a36d58256edff76dd996fe423bc957326e578b82a94", size = 276966, upload-time = "2026-09-05T10:42:39.44Z" }
wheels = [
    { url = "https://files.pythonhosted.org/packages/12/b8/4bd346e22b28902df4d651910f5242c28d84e4a5c2435ca5c3f797ed7e2e/anyio-4.15.1-py3-none-any.whl", hash = "sha256:6152fdbbf9a77fdec97731721bebf7c4c44f7c29b424b0065826173efc7ed101", size = 132079, upload-time = "2026-09-05T10:42:37.923Z" },
]

[[package]]
name = "certifi"
version = "2026.7.22"
source = { registry = "https://pypi.org/simple" }
sdist = { url = "https://files.pythonhosted.org/packages/a3/c2/24167ea9858356b47a87a50d39908bfdb72ceeefe0041586e704e5376b3a/certifi-2026.7.22.tar.gz", hash = "sha256:741e2c3b351ddf169a738da9f2c048608ff7f2c5cc02f1ebc6b118bb090d5d55", size = 138112, upload-time = "2026-07-22T03:35:12.644Z" }
wheels = [
    { url = "https://files.pythonhosted.org/packages/0b/a7/71ac2cff56fec219ed242bb11b8efb69fcc4bec75db06fb7bfe35de520e6/certifi-2026.7.22-py3-none-any.whl", hash = "sha256:62f22742b58a1a33014a2b6b706588a8d7e2a88ae7bd1a6ebe8c992928483775", size = 136983, upload-time = "2026-07-22T03:35:11.276Z" },
]

[[package]]
name = "click"
version = "8.5.0"
source = { registry = "https://pypi.org/simple" }
sdist = { url = "https://files.pythonhosted.org/packages/c7/0e/7fa0ef50764b67090eca4114772a2abf8b6148198475e54c660b97caeee6/click-8.5.0.tar.gz", hash = "sha256:ba0d2089de75ea0310e2dde03160e6ca10009947fb95a182f9b54021bb272e34", size = 382235, upload-time = "2026-08-26T13:33:14.56Z" }
wheels = [
    { url = "https://files.pythonhosted.org/packages/58/50/6c0d534c5f134586a8e1ba4e330569e32f057e33372ae556463212fb4cd3/click-8.5.0-py3-none-any.whl", hash = "sha256:255bc9599cf7748b4b1a446ccc735421bd08a2ae529a8b88597d3de5664ee360", size = 125251, upload-time = "2026-08-26T13:33:12.928Z" },
]

[[package]]
name = "colorama"
version = "0.4.6"
source = { registry = "https://pypi.org/simple" }
sdist = { url = "https://files.pythonhosted.org/packages/d8/53/6f443c9a4a8358a93a6792e2acffb9d9d5cb0a5cfd8802644b7b1c9a02e4/colorama-0.4.6.tar.gz", hash = "sha256:08695f5cb7ed6e0531a20572697297273c47b8cae5a63ffc6d6ed5c201be6e44", size = 27697, upload-time = "2022-10-25T02:36:22.414Z" }
wheels = [
    { url = "https://files.pythonhosted.org/packages/d1/d6/3965ed04c63042e047cb6a3e6ed1a63a35087b6a609aa3a15ed8ac56c221/colorama-0.4.6-py2.py3-none-any.whl", hash = "sha256:4f1d9991f5acc0ca119f9d443620b77f9d6b33703e51011c16baf57afb285fc6", size = 25335, upload-time = "2022-10-25T02:36:20.889Z" },
]

[[package]]
name = "fastapi"
version = "0.115.0"
source = { registry = "https://pypi.org/simple" }
dependencies = [
    { name = "pydantic" },
    { name = "starlette" },
    { name = "typing-extensions" },
]
sdist = { url = "https://files.pythonhosted.org/packages/7b/5e/bf0471f14bf6ebfbee8208148a3396d1a23298531a6cc10776c59f4c0f87/fastapi-0.115.0.tar.gz", hash = "sha256:f93b4ca3529a8ebc6fc3fcf710e5efa8de3df9b41570958abf1d97d843138004", size = 302295, upload-time = "2024-09-17T19:18:12.674Z" }
wheels = [
    { url = "https://files.pythonhosted.org/packages/06/ab/a1f7eed031aeb1c406a6e9d45ca04bff401c8a25a30dd0e4fd2caae767c3/fastapi-0.115.0-py3-none-any.whl", hash = "sha256:17ea427674467486e997206a5ab25760f6b09e069f099b96f5b55a32fb6f1631", size = 94625, upload-time = "2024-09-17T19:18:10.962Z" },
]

[[package]]
name = "greenlet"
version = "3.5.6"
source = { registry = "https://pypi.org/simple" }
sdist = { url = "https://files.pythonhosted.org/packages/3e/6e/0091f175ccd02b02bc8811bbcbcc6ac2e980be116e3b2f7a736ca322bf84/greenlet-3.5.6.tar.gz", hash = "sha256:8e67c43bdfc88d5fee6db0d3e40175b362fc95fb85f0412d233b9b203c53a575", size = 207653, upload-time = "2026-09-14T15:42:51.806Z" }
wheels = [
    { url = "https://files.pythonhosted.org/packages/72/18/3fc6d951466ae9a2a688edcddde3b2e388da0a8244e0caf7117bbeb0eb95/greenlet-3.5.6-cp312-cp312-macosx_11_0_universal2.whl", hash = "sha256:a5876d0a60355af98d535c47f6cd6eb0f8a432396dab26845d380b92f8412422", size = 295668, upload-time = "2026-09-14T14:22:33.241Z" },
    { url = "https://files.pythonhosted.org/packages/27/89/366d2af5061eeefa5012f510d95a99c8620dcc457609838db4d538820318/greenlet-3.5.6-cp312-cp312-manylinux_2_24_aarch64.manylinux_2_28_aarch64.whl", hash = "sha256:e85880b538e59a59f55117b81f208a6660ad5ac328aad9305f812d9b8bc67a0f", size = 611700, upload-time = "2026-09-14T15:12:01.962Z" },
    { url = "https://files.pythonhosted.org/packages/54/1c/07f133f865fd58ae593dd2bbec3144acaee9b04ffe2eb48c6e121747ceef/greenlet-3.5.6-cp312-cp312-manylinux_2_24_ppc64le.manylinux_2_28_ppc64le.whl", hash = "sha256:f0ba7c2a329d650628f4c8572fd1db29f0a59dd70a3e3e0710dcf18a35cce9d8", size = 624223, upload-time = "2026-09-14T15:20:42.459Z" },
    { url = "https://files.pythonhosted.org/packages/66/6a/1594f3869c57c149abdb380492529e04d4c0229b5e4d79572c5bd0aaa673/greenlet-3.5.6-cp312-cp312-manylinux_2_24_x86_64.manylinux_2_28_x86_64.whl", hash = "sha256:975736b002ed080d124cf81a79cb7e05cb26d6b3f5c7a7b651c0fcce70353aa1", size = 621404, upload-time = "2026-09-14T14:35:59.027Z" },
    { url = "https://files.pythonhosted.org/packages/a2/f5/33e5c9e48178b9259fd000f8f45caa4a65036f65d3d0c06a602f570f025d/greenlet-3.5.6-cp312-cp312-musllinux_1_2_aarch64.whl", hash = "sha256:0616b8f878098c5681fd8f0dc92d887551717402342a70f0abcbfea5f5ad8a44", size = 1584998, upload-time = "2026-09-14T15:10:06.653Z" },
    { url = "https://files.pythonhosted.org/packages/ef/31/9b4e140bc24d0ad7927ebd651f5608b0acc2334d061748c3b6ad19085cfa/greenlet-3.5.6-cp312-cp312-musllinux_1_2_x86_64.whl", hash = "sha256:3dbb4596a6a4e5d47121a33ff20533a81e60f302d9e67b69909a8bc21a43f0a7", size = 1647568, upload-time = "2026-09-14T14:35:49.787Z" },
    { url = "https://files.pythonhosted.org/packages/c3/71/d79f1791f824f8ff15c2978746640467ae932a2365e0201069f7f272395f/greenlet-3.5.6-cp312-cp312-win_amd64.whl", hash = "sha256:7ac4abb3877c43af320392c664774eef6fa2cc063c79a55fc02d844a3cbe7395", size = 324203, upload-time = "2026-09-14T14:22:54.504Z" },
    { url = "https://files.pythonhosted.org/packages/63/af/42aca4d56e8cb321912203069d8d34734cb288222f10ad2ae102718cc577/greenlet-3.5.6-cp312-cp312-win_arm64.whl", hash = "sha256:301102a49120b095e72a7838792b41233975fc1c155daec6d98f81c00c9280e0", size = 308310, upload-time = "2026-09-14T14:24:03.008Z" },
]

[[package]]
name = "h11"
version = "0.16.0"
source = { registry = "https://pypi.org/simple" }
sdist = { url = "https://files.pythonhosted.org/packages/01/ee/02a2c011bdab74c6fb3c75474d40b3052059d95df7e73351460c8588d963/h11-0.16.0.tar.gz", hash = "sha256:4e35b956cf45792e4caa5885e69fba00bdbc6ffafbfa020300e549b208ee5ff1", size = 101250, upload-time = "2025-04-24T03:35:25.427Z" }
wheels = [
    { url = "https://files.pythonhosted.org/packages/04/4b/29cac41a4d98d144bf5f6d33995617b185d14b22401f75ca86f384e87ff1/h11-0.16.0-py3-none-any.whl", hash = "sha256:63cf8bbe7522de3bf65932fda1d9c2772064ffb3dae62d55932da54b31cb6c86", size = 37515, upload-time = "2025-04-24T03:35:24.344Z" },
]

[[package]]
name = "httpcore"
version = "1.0.9"
source = { registry = "https://pypi.org/simple" }
dependencies = [
    { name = "certifi" },
    { name = "h11" },
]
sdist = { url = "https://files.pythonhosted.org/packages/06/94/82699a10bca87a5556c9c59b5963f2d039dbd239f25bc2a63907a05a14cb/httpcore-1.0.9.tar.gz", hash = "sha256:6e34463af53fd2ab5d807f399a9b45ea31c3dfa2276f15a2c3f00afff6e176e8", size = 85484, upload-time = "2025-04-24T22:06:22.219Z" }
wheels = [
    { url = "https://files.pythonhosted.org/packages/7e/f5/f66802a942d491edb555dd61e3a9961140fd64c90bce1eafd741609d334d/httpcore-1.0.9-py3-none-any.whl", hash = "sha256:2d400746a40668fc9dec9810239072b40b4484b640a8c38fd654a024c7a1bf55", size = 78784, upload-time = "2025-04-24T22:06:20.566Z" },
]

[[package]]
name = "httpx"
version = "0.27.0"
source = { registry = "https://pypi.org/simple" }
dependencies = [
    { name = "anyio" },
    { name = "certifi" },
    { name = "httpcore" },
    { name = "idna" },
    { name = "sniffio" },
]
sdist = { url = "https://files.pythonhosted.org/packages/5c/2d/3da5bdf4408b8b2800061c339f240c1802f2e82d55e50bd39c5a881f47f0/httpx-0.27.0.tar.gz", hash = "sha256:a0cb88a46f32dc874e04ee956e4c2764aba2aa228f650b06788ba6bda2962ab5", size = 126413, upload-time = "2024-02-21T13:07:52.434Z" }
wheels = [
    { url = "https://files.pythonhosted.org/packages/41/7b/ddacf6dcebb42466abd03f368782142baa82e08fc0c1f8eaa05b4bae87d5/httpx-0.27.0-py3-none-any.whl", hash = "sha256:71d5465162c13681bff01ad59b2cc68dd838ea1f10e51574bac27103f00c91a5", size = 75590, upload-time = "2024-02-21T13:07:50.455Z" },
]

[[package]]
name = "idna"
version = "3.20"
source = { registry = "https://pypi.org/simple" }
sdist = { url = "https://files.pythonhosted.org/packages/f5/08/8eea9d4b8302028f3abb2c0813953f7aec26d33b7a8960ed760e65ff29fa/idna-3.20.tar.gz", hash = "sha256:a7db850025b95ded1eae8a46181a1a6c56c92c96f0e2b005d9ff8dc0210cab44", size = 216463, upload-time = "2026-09-17T14:11:04.752Z" }
wheels = [
    { url = "https://files.pythonhosted.org/packages/58/a2/bb081bab032533a855d44de1d56f8e8426114ff1ba5d1f07a438a0a654f8/idna-3.20-py3-none-any.whl", hash = "sha256:ab7ae7122974553370f0bdb919e1a960b2cd1bc1ef0276416d896db81c14582c", size = 69583, upload-time = "2026-09-17T14:11:03.168Z" },
]

[[package]]
name = "iniconfig"
version = "2.3.0"
source = { registry = "https://pypi.org/simple" }
sdist = { url = "https://files.pythonhosted.org/packages/72/34/14ca021ce8e5dfedc35312d08ba8bf51fdd999c576889fc2c24cb97f4f10/iniconfig-2.3.0.tar.gz", hash = "sha256:c76315c77db068650d49c5b56314774a7804df16fee4402c1f19d6d15d8c4730", size = 20503, upload-time = "2025-10-18T21:55:43.219Z" }
wheels = [
    { url = "https://files.pythonhosted.org/packages/cb/b1/3846dd7f199d53cb17f49cba7e651e9ce294d8497c8c150530ed11865bb8/iniconfig-2.3.0-py3-none-any.whl", hash = "sha256:f631c04d2c48c52b84d0d0549c99ff3859c98df65b3101406327ecc7d53fbf12", size = 7484, upload-time = "2025-10-18T21:55:41.639Z" },
]

[[package]]
name = "langmaster-backend"
version = "0.1.0"
source = { virtual = "." }
dependencies = [
    { name = "fastapi" },
    { name = "pydantic" },
    { name = "sqlalchemy" },
    { name = "uvicorn" },
]

[package.dev-dependencies]
dev = [
    { name = "httpx" },
    { name = "pytest" },
]

[package.metadata]
requires-dist = [
    { name = "fastapi", specifier = "==0.115.0" },
    { name = "pydantic", specifier = "==2.9.0" },
    { name = "sqlalchemy", specifier = "==2.0.35" },
    { name = "uvicorn", specifier = "==0.30.0" },
]

[package.metadata.requires-dev]
dev = [
    { name = "httpx", specifier = "==0.27.0" },
    { name = "pytest", specifier = "==8.3.0" },
]

[[package]]
name = "packaging"
version = "26.3"
source = { registry = "https://pypi.org/simple" }
sdist = { url = "https://files.pythonhosted.org/packages/7d/fa/3944b40b07da9ce895c0e6303a5ab7d53da063554f534556b134a54d6093/packaging-26.3.tar.gz", hash = "sha256:94edc256424af38762eb31306eed28beb9f0efc50a8837492c9d6fd6004aed79", size = 313412, upload-time = "2026-08-04T18:15:28.737Z" }
wheels = [
    { url = "https://files.pythonhosted.org/packages/63/34/ba1c580383c9eada3711951fef0795c80b829a078d72188184bcab9dd527/packaging-26.3-py3-none-any.whl", hash = "sha256:d7193f7c8e4e93f444fde0262bf90af30e16fa0ad0ad44cb553c87339b23cd1c", size = 129956, upload-time = "2026-08-04T18:15:27.159Z" },
]

[[package]]
name = "pluggy"
version = "1.6.0"
source = { registry = "https://pypi.org/simple" }
sdist = { url = "https://files.pythonhosted.org/packages/f9/e2/3e91f31a7d2b083fe6ef3fa267035b518369d9511ffab804f839851d2779/pluggy-1.6.0.tar.gz", hash = "sha256:7dcc130b76258d33b90f61b658791dede3486c3e6bfb003ee5c9bfb396dd22f3", size = 69412, upload-time = "2025-05-15T12:30:07.975Z" }
wheels = [
    { url = "https://files.pythonhosted.org/packages/54/20/4d324d65cc6d9205fabedc306948156824eb9f0ee1633355a8f7ec5c66bf/pluggy-1.6.0-py3-none-any.whl", hash = "sha256:e920276dd6813095e9377c0bc5566d94c932c33b27a3e3945d8389c374dd4746", size = 20538, upload-time = "2025-05-15T12:30:06.134Z" },
]

[[package]]
name = "pydantic"
version = "2.9.0"
source = { registry = "https://pypi.org/simple" }
dependencies = [
    { name = "annotated-types" },
    { name = "pydantic-core" },
    { name = "typing-extensions" },
    { name = "tzdata" },
]
sdist = { url = "https://files.pythonhosted.org/packages/f6/8f/3b9f7a38caa3fa0bcb3cea7ee9958e89a9a6efc0e6f51fd6096f24cac140/pydantic-2.9.0.tar.gz", hash = "sha256:c7a8a9fdf7d100afa49647eae340e2d23efa382466a8d177efcd1381e9be5598", size = 768298, upload-time = "2024-09-05T16:23:49.719Z" }
wheels = [
    { url = "https://files.pythonhosted.org/packages/54/38/95bdb5dfcebad2c11c88f7aa2d635fe53a0b7405ef39a6850c8bced455d4/pydantic-2.9.0-py3-none-any.whl", hash = "sha256:f66a7073abd93214a20c5f7b32d56843137a7a2e70d02111f3be287035c45370", size = 434325, upload-time = "2024-09-05T16:23:47.683Z" },
]

[[package]]
name = "pydantic-core"
version = "2.23.2"
source = { registry = "https://pypi.org/simple" }
dependencies = [
    { name = "typing-extensions" },
]
sdist = { url = "https://files.pythonhosted.org/packages/5f/03/54e4961dfaed4804fea0ad73e94d337f4ef88a635e73990d6e150b469594/pydantic_core-2.23.2.tar.gz", hash = "sha256:95d6bf449a1ac81de562d65d180af5d8c19672793c81877a2eda8fde5d08f2fd", size = 401901, upload-time = "2024-09-05T15:20:21.616Z" }
wheels = [
    { url = "https://files.pythonhosted.org/packages/8f/54/9c202171aca4a9f6596e1e2a6572ff7d707e2383a40605533c61487714a2/pydantic_core-2.23.2-cp312-cp312-macosx_10_12_x86_64.whl", hash = "sha256:4c83c64d05ffbbe12d4e8498ab72bdb05bcc1026340a4a597dc647a13c1605ec", size = 1845364, upload-time = "2024-09-05T15:18:12.911Z" },
    { url = "https://files.pythonhosted.org/packages/9e/e3/5c29d8fa6dfabd7809fe623fd17959e1b672410681a8c3811eefa42b8051/pydantic_core-2.23.2-cp312-cp312-macosx_11_0_arm64.whl", hash = "sha256:6294907eaaccf71c076abdd1c7954e272efa39bb043161b4b8aa1cd76a16ce43", size = 1784382, upload-time = "2024-09-05T15:18:14.361Z" },
    { url = "https://files.pythonhosted.org/packages/79/c3/4b003c9ed0f5f5e559823802ee7a3921de8aa50892bf179535d7695b2e76/pydantic_core-2.23.2-cp312-cp312-manylinux_2_17_aarch64.manylinux2014_aarch64.whl", hash = "sha256:4a801c5e1e13272e0909c520708122496647d1279d252c9e6e07dac216accc41", size = 1791189, upload-time = "2024-09-05T15:18:15.936Z" },
    { url = "https://files.pythonhosted.org/packages/3f/3b/0c0377c5833093a1758e711387bbe5a5e30511fe9d4afe225be185527aa1/pydantic_core-2.23.2-cp312-cp312-manylinux_2_17_armv7l.manylinux2014_armv7l.whl", hash = "sha256:cc0c316fba3ce72ac3ab7902a888b9dc4979162d320823679da270c2d9ad0cad", size = 1780431, upload-time = "2024-09-05T15:18:17.364Z" },
    { url = "https://files.pythonhosted.org/packages/4a/88/18a541e2f9cbcef4b44b90a2ba98d85e109d91bc7f3b2210d271f66e6d8f/pydantic_core-2.23.2-cp312-cp312-manylinux_2_17_ppc64le.manylinux2014_ppc64le.whl", hash = "sha256:6b06c5d4e8701ac2ba99a2ef835e4e1b187d41095a9c619c5b185c9068ed2a49", size = 1976902, upload-time = "2024-09-05T15:18:19.952Z" },
    { url = "https://files.pythonhosted.org/packages/e3/bd/6c98ca605130ee51438d812133d04ddb403fb1a8a93490f9a1a7e269a4a7/pydantic_core-2.23.2-cp312-cp312-manylinux_2_17_s390x.manylinux2014_s390x.whl", hash = "sha256:82764c0bd697159fe9947ad59b6db6d7329e88505c8f98990eb07e84cc0a5d81", size = 2638882, upload-time = "2024-09-05T15:18:21.603Z" },
    { url = "https://files.pythonhosted.org/packages/ad/fc/6b4f95c64bbeadaa6f84cffb51f469f6fdd61215d97b4ec8d89d027e574b/pydantic_core-2.23.2-cp312-cp312-manylinux_2_17_x86_64.manylinux2014_x86_64.whl", hash = "sha256:2b1a195efd347ede8bcf723e932300292eb13a9d2a3c1f84eb8f37cbbc905b7f", size = 2111180, upload-time = "2024-09-05T15:18:23.153Z" },
    { url = "https://files.pythonhosted.org/packages/95/4c/d4a355237ffa3dae28c2224bea9e09d4af69f346bf7611ebb66d8e930574/pydantic_core-2.23.2-cp312-cp312-manylinux_2_5_i686.manylinux1_i686.whl", hash = "sha256:b7efb12e5071ad8d5b547487bdad489fbd4a5a35a0fc36a1941517a6ad7f23e0", size = 1904338, upload-time = "2024-09-05T15:18:25.154Z" },
    { url = "https://files.pythonhosted.org/packages/83/d6/9f41db9ab2727a050fdac5e56a9e792260aa29e29affa98b4df8a06fd588/pydantic_core-2.23.2-cp312-cp312-musllinux_1_1_aarch64.whl", hash = "sha256:5dd0ec5f514ed40e49bf961d49cf1bc2c72e9b50f29a163b2cc9030c6742aa73", size = 1968729, upload-time = "2024-09-05T15:18:28.065Z" },
    { url = "https://files.pythonhosted.org/packages/f8/bd/0e795ea5eaf26a96d9691faae43603e00de3dbec6339e3710652f5feae12/pydantic_core-2.23.2-cp312-cp312-musllinux_1_1_x86_64.whl", hash = "sha256:820f6ee5c06bc868335e3b6e42d7ef41f50dfb3ea32fbd523ab679d10d8741c0", size = 2120748, upload-time = "2024-09-05T15:18:29.58Z" },
    { url = "https://files.pythonhosted.org/packages/be/7d/48ddf9f084b5de1d47c6bcccfeafe80900ceac975ebdf1fe374fd18654e5/pydantic_core-2.23.2-cp312-none-win32.whl", hash = "sha256:3713dc093d5048bfaedbba7a8dbc53e74c44a140d45ede020dc347dda18daf3f", size = 1725557, upload-time = "2024-09-05T15:18:31.152Z" },
    { url = "https://files.pythonhosted.org/packages/e1/d7/ef3558714427b385f84e22a224c4641b4869f9031f733e83cea6f0eb0154/pydantic_core-2.23.2-cp312-none-win_amd64.whl", hash = "sha256:e1895e949f8849bc2757c0dbac28422a04be031204df46a56ab34bcf98507342", size = 1914466, upload-time = "2024-09-05T15:18:32.981Z" },
]

[[package]]
name = "pytest"
version = "8.3.0"
source = { registry = "https://pypi.org/simple" }
dependencies = [
    { name = "colorama", marker = "sys_platform == 'win32'" },
    { name = "iniconfig" },
    { name = "packaging" },
    { name = "pluggy" },
]
sdist = { url = "https://files.pythonhosted.org/packages/ae/ac/c8baa2d7d1402a580219aff3d8437bfd2f413df025ef00de036c10204409/pytest-8.3.0.tar.gz", hash = "sha256:0fe75465746a643f2485f642edf5eb7af7918135177230471150409343f84a6b", size = 1440913, upload-time = "2024-07-20T15:32:28.67Z" }
wheels = [
    { url = "https://files.pythonhosted.org/packages/8d/8e/ded71579721b2f1330d9f13abe63e608e9bece4ac5dca4cd5b82705f1214/pytest-8.3.0-py3-none-any.whl", hash = "sha256:a1b30492f2676b476266a87f6551345fb25c0484fb6d09c86aa2eb07b5f71c2f", size = 341630, upload-time = "2024-07-20T15:32:25.779Z" },
]

[[package]]
name = "sniffio"
version = "1.3.1"
source = { registry = "https://pypi.org/simple" }
sdist = { url = "https://files.pythonhosted.org/packages/a2/87/a6771e1546d97e7e041b6ae58d80074f81b7d5121207425c964ddf5cfdbd/sniffio-1.3.1.tar.gz", hash = "sha256:f4324edc670a0f49750a81b895f35c3adb843cca46f0530f79fc1babb23789dc", size = 20372, upload-time = "2024-02-25T23:20:04.057Z" }
wheels = [
    { url = "https://files.pythonhosted.org/packages/e9/44/75a9c9421471a6c4805dbf2356f7c181a29c1879239abab1ea2cc8f38b40/sniffio-1.3.1-py3-none-any.whl", hash = "sha256:2f6da418d1f1e0fddd844478f41680e794e6051915791a034ff65e5f100525a2", size = 10235, upload-time = "2024-02-25T23:20:01.196Z" },
]

[[package]]
name = "sqlalchemy"
version = "2.0.35"
source = { registry = "https://pypi.org/simple" }
dependencies = [
    { name = "greenlet", marker = "platform_machine == 'AMD64' or platform_machine == 'WIN32' or platform_machine == 'aarch64' or platform_machine == 'amd64' or platform_machine == 'ppc64le' or platform_machine == 'win32' or platform_machine == 'x86_64'" },
    { name = "typing-extensions" },
]
sdist = { url = "https://files.pythonhosted.org/packages/36/48/4f190a83525f5cefefa44f6adc9e6386c4de5218d686c27eda92eb1f5424/sqlalchemy-2.0.35.tar.gz", hash = "sha256:e11d7ea4d24f0a262bccf9a7cd6284c976c5369dac21db237cff59586045ab9f", size = 9562798, upload-time = "2024-09-16T20:30:05.964Z" }
wheels = [
    { url = "https://files.pythonhosted.org/packages/2f/2b/fff87e6db0da31212c98bbc445f83fb608ea92b96bda3f3f10e373bac76c/SQLAlchemy-2.0.35-cp312-cp312-macosx_10_9_x86_64.whl", hash = "sha256:eb60b026d8ad0c97917cb81d3662d0b39b8ff1335e3fabb24984c6acd0c900a2", size = 2089790, upload-time = "2024-09-16T21:07:16.161Z" },
    { url = "https://files.pythonhosted.org/packages/68/92/4bb761bd82764d5827bf6b6095168c40fb5dbbd23670203aef2f96ba6bc6/SQLAlchemy-2.0.35-cp312-cp312-macosx_11_0_arm64.whl", hash = "sha256:6921ee01caf375363be5e9ae70d08ce7ca9d7e0e8983183080211a062d299468", size = 2080266, upload-time = "2024-09-16T21:07:18.277Z" },
    { url = "https://files.pythonhosted.org/packages/22/46/068a65db6dc253c6f25a7598d99e0a1d60b14f661f9d09ef6c73c718fa4e/SQLAlchemy-2.0.35-cp312-cp312-manylinux_2_17_aarch64.manylinux2014_aarch64.whl", hash = "sha256:8cdf1a0dbe5ced887a9b127da4ffd7354e9c1a3b9bb330dce84df6b70ccb3a8d", size = 3229760, upload-time = "2024-09-16T22:45:20.863Z" },
    { url = "https://files.pythonhosted.org/packages/6e/36/59830dafe40dda592304debd4cd86e583f63472f3a62c9e2695a5795e786/SQLAlchemy-2.0.35-cp312-cp312-manylinux_2_17_x86_64.manylinux2014_x86_64.whl", hash = "sha256:93a71c8601e823236ac0e5d087e4f397874a421017b3318fd92c0b14acf2b6db", size = 3240649, upload-time = "2024-09-16T21:18:23.996Z" },
    { url = "https://files.pythonhosted.org/packages/00/50/844c50c6996f9c7f000c959dd1a7436a6c94e449ee113046a1d19e470089/SQLAlchemy-2.0.35-cp312-cp312-musllinux_1_2_aarch64.whl", hash = "sha256:e04b622bb8a88f10e439084486f2f6349bf4d50605ac3e445869c7ea5cf0fa8c", size = 3176138, upload-time = "2024-09-16T22:45:22.518Z" },
    { url = "https://files.pythonhosted.org/packages/df/d2/336b18cac68eecb67de474fc15c85f13be4e615c6f5bae87ea38c6734ce0/SQLAlchemy-2.0.35-cp312-cp312-musllinux_1_2_x86_64.whl", hash = "sha256:1b56961e2d31389aaadf4906d453859f35302b4eb818d34a26fab72596076bb8", size = 3202753, upload-time = "2024-09-16T21:18:25.966Z" },
    { url = "https://files.pythonhosted.org/packages/f0/f3/ee1e62fabdc10910b5ef720ae08e59bc785f26652876af3a50b89b97b412/SQLAlchemy-2.0.35-cp312-cp312-win32.whl", hash = "sha256:0f9f3f9a3763b9c4deb8c5d09c4cc52ffe49f9876af41cc1b2ad0138878453cf", size = 2060113, upload-time = "2024-09-16T20:54:15.16Z" },
    { url = "https://files.pythonhosted.org/packages/60/63/a3cef44a52979169d884f3583d0640e64b3c28122c096474a1d7cfcaf1f3/SQLAlchemy-2.0.35-cp312-cp312-win_amd64.whl", hash = "sha256:25b0f63e7fcc2a6290cb5f7f5b4fc4047843504983a28856ce9b35d8f7de03cc", size = 2085839, upload-time = "2024-09-16T20:54:17.11Z" },
    { url = "https://files.pythonhosted.org/packages/0e/c6/33c706449cdd92b1b6d756b247761e27d32230fd6b2de5f44c4c3e5632b2/SQLAlchemy-2.0.35-py3-none-any.whl", hash = "sha256:2ab3f0336c0387662ce6221ad30ab3a5e6499aab01b9790879b6578fd9b8faa1", size = 1881276, upload-time = "2024-09-16T23:14:28.324Z" },
]

[[package]]
name = "starlette"
version = "0.38.6"
source = { registry = "https://pypi.org/simple" }
dependencies = [
    { name = "anyio" },
]
sdist = { url = "https://files.pythonhosted.org/packages/42/b4/e25c3b688ef703d85e55017c6edd0cbf38e5770ab748234363d54ff0251a/starlette-0.38.6.tar.gz", hash = "sha256:863a1588f5574e70a821dadefb41e4881ea451a47a3cd1b4df359d4ffefe5ead", size = 2569491, upload-time = "2024-09-22T17:01:45.422Z" }
wheels = [
    { url = "https://files.pythonhosted.org/packages/b7/9c/93f7bc03ff03199074e81974cc148908ead60dcf189f68ba1761a0ee35cf/starlette-0.38.6-py3-none-any.whl", hash = "sha256:4517a1409e2e73ee4951214ba012052b9e16f60e90d73cfb06192c19203bbb05", size = 71451, upload-time = "2024-09-22T17:01:43.076Z" },
]

[[package]]
name = "typing-extensions"
version = "4.16.0"
source = { registry = "https://pypi.org/simple" }
sdist = { url = "https://files.pythonhosted.org/packages/f6/cc/6253133b5bb138fc3306cebfbda2c520f545d36b5be2c7255cc528bb45d6/typing_extensions-4.16.0.tar.gz", hash = "sha256:dc983d19a509c94dba722ee6abd33940f7c05a89e243c47e907eb4db6f1a43e5", size = 113555, upload-time = "2026-07-02T08:40:05.92Z" }
wheels = [
    { url = "https://files.pythonhosted.org/packages/49/d3/b8441a820a491ddfc024b0b0cf0393375b75ea13866d9c66727e54c2fc80/typing_extensions-4.16.0-py3-none-any.whl", hash = "sha256:481caa481374e813c1b176ada14e97f1f67a4539ce9cfeb3f350d78d6370c2e8", size = 45571, upload-time = "2026-07-02T08:40:04.659Z" },
]

[[package]]
name = "tzdata"
version = "2026.4"
source = { registry = "https://pypi.org/simple" }
sdist = { url = "https://files.pythonhosted.org/packages/e4/31/3d74fa778a63b98b7374323befcc0be5ab3bd94afd4096a0124e7379152c/tzdata-2026.4.tar.gz", hash = "sha256:f1b8bd365d8d210c55353f4d7f8d6d8561c0ba50d704b700d195a9424bba0d79", size = 199350, upload-time = "2026-09-12T12:56:03.251Z" }
wheels = [
    { url = "https://files.pythonhosted.org/packages/f9/bc/8737e8d54cf51106118039b83f485a4783112fab49ea9d044b234978a46e/tzdata-2026.4-py2.py3-none-any.whl", hash = "sha256:c2169a8b0a7a5e9674da5a135ccdfb2b3e671b333ed9fed17b41f73c34476e81", size = 347494, upload-time = "2026-09-12T12:56:01.67Z" },
]

[[package]]
name = "uvicorn"
version = "0.30.0"
source = { registry = "https://pypi.org/simple" }
dependencies = [
    { name = "click" },
    { name = "h11" },
]
sdist = { url = "https://files.pythonhosted.org/packages/d3/f7/4ad826703a49b320a4adf2470fdd2a3481ea13f4460cb615ad12c75be003/uvicorn-0.30.0.tar.gz", hash = "sha256:f678dec4fa3a39706bbf49b9ec5fc40049d42418716cea52b53f07828a60aa37", size = 42560, upload-time = "2024-05-28T07:20:42.231Z" }
wheels = [
    { url = "https://files.pythonhosted.org/packages/2a/a1/d57e38417a8dabb22df02b6aebc209dc73485792e6c5620e501547133d0b/uvicorn-0.30.0-py3-none-any.whl", hash = "sha256:78fa0b5f56abb8562024a59041caeb555c86e48d0efdd23c3fe7de7a4075bdab", size = 62388, upload-time = "2024-05-28T07:20:38.256Z" },
]
